
Microsoft Visual Studio Solution File, Format Version 12.00
# Visual Studio 2015
Project("{FAE04EC0-301F-11D3-BF4B-00C04F79EFBC}") = "UnityImageLoadTest.CSharp", "UnityImageLoadTest.CSharp.csproj", "{4039D046-412D-73B9-2AEE-2E8C9CFC6221}"
EndProject
Global
	GlobalSection(SolutionConfigurationPlatforms) = preSolution
		Debug|Any CPU = Debug|Any CPU
		Release|Any CPU = Release|Any CPU
	EndGlobalSection
	GlobalSection(ProjectConfigurationPlatforms) = postSolution
		{4039D046-412D-73B9-2AEE-2E8C9CFC6221}.Debug|Any CPU.ActiveCfg = Debug|Any CPU
		{4039D046-412D-73B9-2AEE-2E8C9CFC6221}.Debug|Any CPU.Build.0 = Debug|Any CPU
		{4039D046-412D-73B9-2AEE-2E8C9CFC6221}.Release|Any CPU.ActiveCfg = Release|Any CPU
		{4039D046-412D-73B9-2AEE-2E8C9CFC6221}.Release|Any CPU.Build.0 = Release|Any CPU
	EndGlobalSection
	GlobalSection(SolutionProperties) = preSolution
		HideSolutionNode = FALSE
	EndGlobalSection
EndGlobal
